// !$*UTF8*$!
{
	archiveVersion = 1;
	classes = {
	};
	objectVersion = 52;
	objects = {

/* Begin PBXBuildFile section */
		04036B6A261E8FB900270E27 /* QuestionViewController.swift in Sources */ = {isa = PBXBuildFile; fileRef = 04036B68261E8FB900270E27 /* QuestionViewController.swift */; };
		04036B6B261E8FB900270E27 /* QuestionViewController.xib in Resources */ = {isa = PBXBuildFile; fileRef = 04036B69261E8FB900270E27 /* QuestionViewController.xib */; };
		0410C6792614B9AD00A2FD7A /* AlertView.swift in Sources */ = {isa = PBXBuildFile; fileRef = 0410C6772614B9AD00A2FD7A /* AlertView.swift */; };
		0410C67A2614B9AD00A2FD7A /* AlertView.xib in Resources */ = {isa = PBXBuildFile; fileRef = 0410C6782614B9AD00A2FD7A /* AlertView.xib */; };
		0410C6852615641800A2FD7A /* IconCell.swift in Sources */ = {isa = PBXBuildFile; fileRef = 0410C6832615641800A2FD7A /* IconCell.swift */; };
		0410C6862615641800A2FD7A /* IconCell.xib in Resources */ = {isa = PBXBuildFile; fileRef = 0410C6842615641800A2FD7A /* IconCell.xib */; };
		0410C68D2615A37D00A2FD7A /* Then in Frameworks */ = {isa = PBXBuildFile; productRef = 0410C68C2615A37D00A2FD7A /* Then */; };
		0410C6CA2616071F00A2FD7A /* List.xcdatamodeld in Sources */ = {isa = PBXBuildFile; fileRef = 0410C6C82616071F00A2FD7A /* List.xcdatamodeld */; };
		0410C6D1261607BE00A2FD7A /* List+CoreDataClass.swift in Sources */ = {isa = PBXBuildFile; fileRef = 0410C6CD261607BE00A2FD7A /* List+CoreDataClass.swift */; };
		0410C6D3261607BE00A2FD7A /* ListItem+CoreDataClass.swift in Sources */ = {isa = PBXBuildFile; fileRef = 0410C6CF261607BE00A2FD7A /* ListItem+CoreDataClass.swift */; };
		0410C6D72616081900A2FD7A /* CoreDataManager.swift in Sources */ = {isa = PBXBuildFile; fileRef = 0410C6D62616081900A2FD7A /* CoreDataManager.swift */; };
		0410C6D92616087C00A2FD7A /* CoreDataManager.ListManager.swift in Sources */ = {isa = PBXBuildFile; fileRef = 0410C6D82616087C00A2FD7A /* CoreDataManager.ListManager.swift */; };
		042D3B9F2610DADB0096BC6E /* SuggestRespone.swift in Sources */ = {isa = PBXBuildFile; fileRef = 042D3B9E2610DADB0096BC6E /* SuggestRespone.swift */; };
		042D3BA12611CC9A0096BC6E /* String+.swift in Sources */ = {isa = PBXBuildFile; fileRef = 042D3BA02611CC9A0096BC6E /* String+.swift */; };
		042D3BA92611D43A0096BC6E /* SearchHistoryCell.xib in Resources */ = {isa = PBXBuildFile; fileRef = 042D3BA72611D43A0096BC6E /* SearchHistoryCell.xib */; };
		042D3BAA2611D43A0096BC6E /* SearchHistoryCell.swift in Sources */ = {isa = PBXBuildFile; fileRef = 042D3BA82611D43A0096BC6E /* SearchHistoryCell.swift */; };
		042D3BAD2611D50D0096BC6E /* SuggestCell.xib in Resources */ = {isa = PBXBuildFile; fileRef = 042D3BAB2611D50C0096BC6E /* SuggestCell.xib */; };
		042D3BAE2611D50D0096BC6E /* SuggestCell.swift in Sources */ = {isa = PBXBuildFile; fileRef = 042D3BAC2611D50C0096BC6E /* SuggestCell.swift */; };
		042D3BB52612F5D40096BC6E /* Reusable in Frameworks */ = {isa = PBXBuildFile; productRef = 042D3BB42612F5D40096BC6E /* Reusable */; };
		042D3BB72612FDA80096BC6E /* AppSetting.swift in Sources */ = {isa = PBXBuildFile; fileRef = 042D3BB62612FDA80096BC6E /* AppSetting.swift */; };
		042D3BBB2613092F0096BC6E /* ListCell.swift in Sources */ = {isa = PBXBuildFile; fileRef = 042D3BB92613092F0096BC6E /* ListCell.swift */; };
		042D3BBC2613092F0096BC6E /* ListCell.xib in Resources */ = {isa = PBXBuildFile; fileRef = 042D3BBA2613092F0096BC6E /* ListCell.xib */; };
		043796582622FFBD001FCB35 /* QuizResponse.swift in Sources */ = {isa = PBXBuildFile; fileRef = 043796572622FFBD001FCB35 /* QuizResponse.swift */; };
		0437965A2622FFDF001FCB35 /* QuizAPI.swift in Sources */ = {isa = PBXBuildFile; fileRef = 043796592622FFDF001FCB35 /* QuizAPI.swift */; };
		0437965C26235F99001FCB35 /* Array+.swift in Sources */ = {isa = PBXBuildFile; fileRef = 0437965B26235F99001FCB35 /* Array+.swift */; };
		043B61C62600871B00EA2189 /* AppDelegate.swift in Sources */ = {isa = PBXBuildFile; fileRef = 043B61C52600871B00EA2189 /* AppDelegate.swift */; };
		043B61C82600871B00EA2189 /* SceneDelegate.swift in Sources */ = {isa = PBXBuildFile; fileRef = 043B61C72600871B00EA2189 /* SceneDelegate.swift */; };
		043B61CF2600871C00EA2189 /* Assets.xcassets in Resources */ = {isa = PBXBuildFile; fileRef = 043B61CE2600871C00EA2189 /* Assets.xcassets */; };
		043B61D22600871C00EA2189 /* LaunchScreen.storyboard in Resources */ = {isa = PBXBuildFile; fileRef = 043B61D02600871C00EA2189 /* LaunchScreen.storyboard */; };
		043B61E52600888600EA2189 /* SearchViewController.swift in Sources */ = {isa = PBXBuildFile; fileRef = 043B61E32600888600EA2189 /* SearchViewController.swift */; };
		043B61E62600888600EA2189 /* SearchViewController.xib in Resources */ = {isa = PBXBuildFile; fileRef = 043B61E42600888600EA2189 /* SearchViewController.xib */; };
		043B61E92600889500EA2189 /* ListViewController.swift in Sources */ = {isa = PBXBuildFile; fileRef = 043B61E72600889500EA2189 /* ListViewController.swift */; };
		043B61EA2600889500EA2189 /* ListViewController.xib in Resources */ = {isa = PBXBuildFile; fileRef = 043B61E82600889500EA2189 /* ListViewController.xib */; };
		043B61ED260088AA00EA2189 /* UtilitiesViewController.swift in Sources */ = {isa = PBXBuildFile; fileRef = 043B61EB260088AA00EA2189 /* UtilitiesViewController.swift */; };
		043B61EE260088AA00EA2189 /* UtilitiesViewController.xib in Resources */ = {isa = PBXBuildFile; fileRef = 043B61EC260088AA00EA2189 /* UtilitiesViewController.xib */; };
		043B61F426009C0000EA2189 /* BreeSerif-Regular.ttf in Resources */ = {isa = PBXBuildFile; fileRef = 043B61F326009BF900EA2189 /* BreeSerif-Regular.ttf */; };
		043B61F62600C3D000EA2189 /* UIFont.swift in Sources */ = {isa = PBXBuildFile; fileRef = 043B61F52600C3D000EA2189 /* UIFont.swift */; };
		043B61F92600EC2300EA2189 /* BaseNavigationController.swift in Sources */ = {isa = PBXBuildFile; fileRef = 043B61F82600EC2300EA2189 /* BaseNavigationController.swift */; };
		045E6ADE2609865F009CA1B9 /* UIImage.swift in Sources */ = {isa = PBXBuildFile; fileRef = 045E6ADD2609865F009CA1B9 /* UIImage.swift */; };
		045E6AE22609BE21009CA1B9 /* BaseViewController.swift in Sources */ = {isa = PBXBuildFile; fileRef = 045E6AE12609BE21009CA1B9 /* BaseViewController.swift */; };
		045E6AE42609BFC3009CA1B9 /* DetailsViewController.xib in Resources */ = {isa = PBXBuildFile; fileRef = 045E6AE32609BFC3009CA1B9 /* DetailsViewController.xib */; };
		045E6AE82609D481009CA1B9 /* DefineTableViewCell.swift in Sources */ = {isa = PBXBuildFile; fileRef = 045E6AE62609D481009CA1B9 /* DefineTableViewCell.swift */; };
		045E6AE92609D481009CA1B9 /* DefineTableViewCell.xib in Resources */ = {isa = PBXBuildFile; fileRef = 045E6AE72609D481009CA1B9 /* DefineTableViewCell.xib */; };
		04678E53261AECAC0071BAB0 /* Utilities.swift in Sources */ = {isa = PBXBuildFile; fileRef = 04678E52261AECAC0071BAB0 /* Utilities.swift */; };
		04678E57261AED4E0071BAB0 /* UtilitiesCell.xib in Resources */ = {isa = PBXBuildFile; fileRef = 04678E55261AED4E0071BAB0 /* UtilitiesCell.xib */; };
		04678E58261AED4E0071BAB0 /* UtilitiesCell.swift in Sources */ = {isa = PBXBuildFile; fileRef = 04678E56261AED4E0071BAB0 /* UtilitiesCell.swift */; };
		04678E5C261AED800071BAB0 /* QuizViewController.swift in Sources */ = {isa = PBXBuildFile; fileRef = 04678E5A261AED800071BAB0 /* QuizViewController.swift */; };
		04678E5D261AED800071BAB0 /* QuizViewController.xib in Resources */ = {isa = PBXBuildFile; fileRef = 04678E5B261AED800071BAB0 /* QuizViewController.xib */; };
		04678E62261AEDE00071BAB0 /* SpeechViewController.swift in Sources */ = {isa = PBXBuildFile; fileRef = 04678E60261AEDE00071BAB0 /* SpeechViewController.swift */; };
		04678E63261AEDE00071BAB0 /* SpeechViewController.xib in Resources */ = {isa = PBXBuildFile; fileRef = 04678E61261AEDE00071BAB0 /* SpeechViewController.xib */; };
		04678E66261AEDEA0071BAB0 /* RemindViewController.swift in Sources */ = {isa = PBXBuildFile; fileRef = 04678E64261AEDEA0071BAB0 /* RemindViewController.swift */; };
		04678E67261AEDEA0071BAB0 /* RemindViewController.xib in Resources */ = {isa = PBXBuildFile; fileRef = 04678E65261AEDEA0071BAB0 /* RemindViewController.xib */; };
		047E9F07261C075A00FD1205 /* SpeechServices.swift in Sources */ = {isa = PBXBuildFile; fileRef = 047E9F06261C075A00FD1205 /* SpeechServices.swift */; };
		047E9F09261C35AC00FD1205 /* NotificationServices.swift in Sources */ = {isa = PBXBuildFile; fileRef = 047E9F08261C35AC00FD1205 /* NotificationServices.swift */; };
		0487035026244072005E4C43 /* RandomWord.swift in Sources */ = {isa = PBXBuildFile; fileRef = 0487034F26244072005E4C43 /* RandomWord.swift */; };
		048B17E4261DFF6A00163D6B /* QuizTableCell.swift in Sources */ = {isa = PBXBuildFile; fileRef = 048B17E2261DFF6A00163D6B /* QuizTableCell.swift */; };
		048B17E5261DFF6A00163D6B /* QuizTableCell.xib in Resources */ = {isa = PBXBuildFile; fileRef = 048B17E3261DFF6A00163D6B /* QuizTableCell.xib */; };
		048B17E9261E04A800163D6B /* PlayViewController.swift in Sources */ = {isa = PBXBuildFile; fileRef = 048B17E7261E04A800163D6B /* PlayViewController.swift */; };
		048B17EA261E04A800163D6B /* PlayViewController.xib in Resources */ = {isa = PBXBuildFile; fileRef = 048B17E8261E04A800163D6B /* PlayViewController.xib */; };
		048B17EC261E0DB700163D6B /* RounedButton.swift in Sources */ = {isa = PBXBuildFile; fileRef = 048B17EB261E0DB700163D6B /* RounedButton.swift */; };
		04C735C92616B23400658C7A /* CoreDataService.swift in Sources */ = {isa = PBXBuildFile; fileRef = 04C735C82616B23400658C7A /* CoreDataService.swift */; };
		04C735CB2616B7CC00658C7A /* ViewController+Alert.swift in Sources */ = {isa = PBXBuildFile; fileRef = 04C735CA2616B7CC00658C7A /* ViewController+Alert.swift */; };
		04C735CD2616CEF300658C7A /* CoreDataManager+ListItemManager.swift in Sources */ = {isa = PBXBuildFile; fileRef = 04C735CC2616CEF300658C7A /* CoreDataManager+ListItemManager.swift */; };
		04C735D12616D07B00658C7A /* ListItemViewController.swift in Sources */ = {isa = PBXBuildFile; fileRef = 04C735CF2616D07B00658C7A /* ListItemViewController.swift */; };
		04C735D22616D07B00658C7A /* ListItemViewController.xib in Resources */ = {isa = PBXBuildFile; fileRef = 04C735D02616D07B00658C7A /* ListItemViewController.xib */; };
		04C735D62616D1B300658C7A /* ListItemCell.swift in Sources */ = {isa = PBXBuildFile; fileRef = 04C735D42616D1B300658C7A /* ListItemCell.swift */; };
		04C735D72616D1B300658C7A /* ListItemCell.xib in Resources */ = {isa = PBXBuildFile; fileRef = 04C735D52616D1B300658C7A /* ListItemCell.xib */; };
		04D5DB482604413200D1FC33 /* SynonysmResponse.swift in Sources */ = {isa = PBXBuildFile; fileRef = 04D5DB3E2604413200D1FC33 /* SynonysmResponse.swift */; };
		04D5DB492604413200D1FC33 /* RhymeResponse.swift in Sources */ = {isa = PBXBuildFile; fileRef = 04D5DB3F2604413200D1FC33 /* RhymeResponse.swift */; };
		04D5DB4A2604413200D1FC33 /* PronounceResponse.swift in Sources */ = {isa = PBXBuildFile; fileRef = 04D5DB402604413200D1FC33 /* PronounceResponse.swift */; };
		04D5DB4B2604413200D1FC33 /* ExampleResponse.swift in Sources */ = {isa = PBXBuildFile; fileRef = 04D5DB412604413200D1FC33 /* ExampleResponse.swift */; };
		04D5DB4C2604413200D1FC33 /* DefinitionsResponse.swift in Sources */ = {isa = PBXBuildFile; fileRef = 04D5DB422604413200D1FC33 /* DefinitionsResponse.swift */; };
		04D5DB4D2604413200D1FC33 /* AntonymsResponse.swift in Sources */ = {isa = PBXBuildFile; fileRef = 04D5DB432604413200D1FC33 /* AntonymsResponse.swift */; };
		04D5DB4E2604413200D1FC33 /* APIKey.swift in Sources */ = {isa = PBXBuildFile; fileRef = 04D5DB452604413200D1FC33 /* APIKey.swift */; };
		04D5DB4F2604413200D1FC33 /* APISevice.swift in Sources */ = {isa = PBXBuildFile; fileRef = 04D5DB462604413200D1FC33 /* APISevice.swift */; };
		04D5DB522604414000D1FC33 /* URLs.swift in Sources */ = {isa = PBXBuildFile; fileRef = 04D5DB512604414000D1FC33 /* URLs.swift */; };
		04DC6EBF26044F760039CB9B /* DetailsViewController.swift in Sources */ = {isa = PBXBuildFile; fileRef = 04DC6EBD26044F760039CB9B /* DetailsViewController.swift */; };
		04DC6EC4260453020039CB9B /* DefinitionViewController.swift in Sources */ = {isa = PBXBuildFile; fileRef = 04DC6EC2260453020039CB9B /* DefinitionViewController.swift */; };
		04DC6EC5260453020039CB9B /* DefinitionViewController.xib in Resources */ = {isa = PBXBuildFile; fileRef = 04DC6EC3260453020039CB9B /* DefinitionViewController.xib */; };
		04DC6ECB2604536C0039CB9B /* InfomartionViewController.swift in Sources */ = {isa = PBXBuildFile; fileRef = 04DC6EC92604536C0039CB9B /* InfomartionViewController.swift */; };
		04DC6ECC2604536C0039CB9B /* InformationViewController.xib in Resources */ = {isa = PBXBuildFile; fileRef = 04DC6ECA2604536C0039CB9B /* InformationViewController.xib */; };
		04DC6ED8260458A90039CB9B /* UIView.swift in Sources */ = {isa = PBXBuildFile; fileRef = 04DC6ED7260458A90039CB9B /* UIView.swift */; };
		04EB6F42260C3A650040B94A /* DataType.swift in Sources */ = {isa = PBXBuildFile; fileRef = 04EB6F41260C3A650040B94A /* DataType.swift */; };
		04F56F772601D8A400780915 /* Color.xcassets in Resources */ = {isa = PBXBuildFile; fileRef = 04F56F762601D8A400780915 /* Color.xcassets */; };
		04F6F87E2602D94F00210E0C /* UIColor.swift in Sources */ = {isa = PBXBuildFile; fileRef = 04F6F87D2602D94F00210E0C /* UIColor.swift */; };
		04F6F8D2260440DE00210E0C /* TabbarItem.swift in Sources */ = {isa = PBXBuildFile; fileRef = 04F6F8CE260440DE00210E0C /* TabbarItem.swift */; };
		04F6F8D3260440DE00210E0C /* APIManger.swift in Sources */ = {isa = PBXBuildFile; fileRef = 04F6F8CF260440DE00210E0C /* APIManger.swift */; };
		04F6F8D4260440DE00210E0C /* HTTPMethod.swift in Sources */ = {isa = PBXBuildFile; fileRef = 04F6F8D0260440DE00210E0C /* HTTPMethod.swift */; };
		04F6F8D5260440DE00210E0C /* APIResult.swift in Sources */ = {isa = PBXBuildFile; fileRef = 04F6F8D1260440DE00210E0C /* APIResult.swift */; };
/* End PBXBuildFile section */

/* Begin PBXFileReference section */
		04036B68261E8FB900270E27 /* QuestionViewController.swift */ = {isa = PBXFileReference; lastKnownFileType = sourcecode.swift; path = QuestionViewController.swift; sourceTree = "<group>"; };
		04036B69261E8FB900270E27 /* QuestionViewController.xib */ = {isa = PBXFileReference; lastKnownFileType = file.xib; path = QuestionViewController.xib; sourceTree = "<group>"; };
		0410C6772614B9AD00A2FD7A /* AlertView.swift */ = {isa = PBXFileReference; lastKnownFileType = sourcecode.swift; path = AlertView.swift; sourceTree = "<group>"; };
		0410C6782614B9AD00A2FD7A /* AlertView.xib */ = {isa = PBXFileReference; lastKnownFileType = file.xib; path = AlertView.xib; sourceTree = "<group>"; };
		0410C6832615641800A2FD7A /* IconCell.swift */ = {isa = PBXFileReference; lastKnownFileType = sourcecode.swift; path = IconCell.swift; sourceTree = "<group>"; };
		0410C6842615641800A2FD7A /* IconCell.xib */ = {isa = PBXFileReference; lastKnownFileType = file.xib; path = IconCell.xib; sourceTree = "<group>"; };
		0410C6C92616071F00A2FD7A /* List.xcdatamodel */ = {isa = PBXFileReference; lastKnownFileType = wrapper.xcdatamodel; path = List.xcdatamodel; sourceTree = "<group>"; };
		0410C6CD261607BE00A2FD7A /* List+CoreDataClass.swift */ = {isa = PBXFileReference; lastKnownFileType = sourcecode.swift; path = "List+CoreDataClass.swift"; sourceTree = "<group>"; };
		0410C6CF261607BE00A2FD7A /* ListItem+CoreDataClass.swift */ = {isa = PBXFileReference; lastKnownFileType = sourcecode.swift; path = "ListItem+CoreDataClass.swift"; sourceTree = "<group>"; };
		0410C6D62616081900A2FD7A /* CoreDataManager.swift */ = {isa = PBXFileReference; lastKnownFileType = sourcecode.swift; path = CoreDataManager.swift; sourceTree = "<group>"; };
		0410C6D82616087C00A2FD7A /* CoreDataManager.ListManager.swift */ = {isa = PBXFileReference; lastKnownFileType = sourcecode.swift; path = CoreDataManager.ListManager.swift; sourceTree = "<group>"; };
		042D3B9E2610DADB0096BC6E /* SuggestRespone.swift */ = {isa = PBXFileReference; lastKnownFileType = sourcecode.swift; path = SuggestRespone.swift; sourceTree = "<group>"; };
		042D3BA02611CC9A0096BC6E /* String+.swift */ = {isa = PBXFileReference; lastKnownFileType = sourcecode.swift; path = "String+.swift"; sourceTree = "<group>"; };
		042D3BA72611D43A0096BC6E /* SearchHistoryCell.xib */ = {isa = PBXFileReference; fileEncoding = 4; lastKnownFileType = file.xib; path = SearchHistoryCell.xib; sourceTree = "<group>"; };
		042D3BA82611D43A0096BC6E /* SearchHistoryCell.swift */ = {isa = PBXFileReference; fileEncoding = 4; lastKnownFileType = sourcecode.swift; path = SearchHistoryCell.swift; sourceTree = "<group>"; };
		042D3BAB2611D50C0096BC6E /* SuggestCell.xib */ = {isa = PBXFileReference; fileEncoding = 4; lastKnownFileType = file.xib; path = SuggestCell.xib; sourceTree = "<group>"; };
		042D3BAC2611D50C0096BC6E /* SuggestCell.swift */ = {isa = PBXFileReference; fileEncoding = 4; lastKnownFileType = sourcecode.swift; path = SuggestCell.swift; sourceTree = "<group>"; };
		042D3BB62612FDA80096BC6E /* AppSetting.swift */ = {isa = PBXFileReference; lastKnownFileType = sourcecode.swift; path = AppSetting.swift; sourceTree = "<group>"; };
		042D3BB92613092F0096BC6E /* ListCell.swift */ = {isa = PBXFileReference; lastKnownFileType = sourcecode.swift; path = ListCell.swift; sourceTree = "<group>"; };
		042D3BBA2613092F0096BC6E /* ListCell.xib */ = {isa = PBXFileReference; lastKnownFileType = file.xib; path = ListCell.xib; sourceTree = "<group>"; };
		043796572622FFBD001FCB35 /* QuizResponse.swift */ = {isa = PBXFileReference; lastKnownFileType = sourcecode.swift; name = QuizResponse.swift; path = "T-Dict/QuizResponse.swift"; sourceTree = SOURCE_ROOT; };
		043796592622FFDF001FCB35 /* QuizAPI.swift */ = {isa = PBXFileReference; lastKnownFileType = sourcecode.swift; name = QuizAPI.swift; path = "T-Dict/QuizAPI.swift"; sourceTree = SOURCE_ROOT; };
		0437965B26235F99001FCB35 /* Array+.swift */ = {isa = PBXFileReference; lastKnownFileType = sourcecode.swift; path = "Array+.swift"; sourceTree = "<group>"; };
		043B61C22600871B00EA2189 /* T-Dict.app */ = {isa = PBXFileReference; explicitFileType = wrapper.application; includeInIndex = 0; path = "T-Dict.app"; sourceTree = BUILT_PRODUCTS_DIR; };
		043B61C52600871B00EA2189 /* AppDelegate.swift */ = {isa = PBXFileReference; lastKnownFileType = sourcecode.swift; path = AppDelegate.swift; sourceTree = "<group>"; };
		043B61C72600871B00EA2189 /* SceneDelegate.swift */ = {isa = PBXFileReference; lastKnownFileType = sourcecode.swift; path = SceneDelegate.swift; sourceTree = "<group>"; };
		043B61CE2600871C00EA2189 /* Assets.xcassets */ = {isa = PBXFileReference; lastKnownFileType = folder.assetcatalog; path = Assets.xcassets; sourceTree = "<group>"; };
		043B61D12600871C00EA2189 /* Base */ = {isa = PBXFileReference; lastKnownFileType = file.storyboard; name = Base; path = Base.lproj/LaunchScreen.storyboard; sourceTree = "<group>"; };
		043B61D32600871C00EA2189 /* Info.plist */ = {isa = PBXFileReference; lastKnownFileType = text.plist.xml; path = Info.plist; sourceTree = "<group>"; };
		043B61E32600888600EA2189 /* SearchViewController.swift */ = {isa = PBXFileReference; lastKnownFileType = sourcecode.swift; path = SearchViewController.swift; sourceTree = "<group>"; };
		043B61E42600888600EA2189 /* SearchViewController.xib */ = {isa = PBXFileReference; lastKnownFileType = file.xib; path = SearchViewController.xib; sourceTree = "<group>"; };
		043B61E72600889500EA2189 /* ListViewController.swift */ = {isa = PBXFileReference; lastKnownFileType = sourcecode.swift; path = ListViewController.swift; sourceTree = "<group>"; };
		043B61E82600889500EA2189 /* ListViewController.xib */ = {isa = PBXFileReference; lastKnownFileType = file.xib; path = ListViewController.xib; sourceTree = "<group>"; };
		043B61EB260088AA00EA2189 /* UtilitiesViewController.swift */ = {isa = PBXFileReference; lastKnownFileType = sourcecode.swift; path = UtilitiesViewController.swift; sourceTree = "<group>"; };
		043B61EC260088AA00EA2189 /* UtilitiesViewController.xib */ = {isa = PBXFileReference; lastKnownFileType = file.xib; path = UtilitiesViewController.xib; sourceTree = "<group>"; };
		043B61F326009BF900EA2189 /* BreeSerif-Regular.ttf */ = {isa = PBXFileReference; lastKnownFileType = file; path = "BreeSerif-Regular.ttf"; sourceTree = "<group>"; };
		043B61F52600C3D000EA2189 /* UIFont.swift */ = {isa = PBXFileReference; lastKnownFileType = sourcecode.swift; path = UIFont.swift; sourceTree = "<group>"; };
		043B61F82600EC2300EA2189 /* BaseNavigationController.swift */ = {isa = PBXFileReference; lastKnownFileType = sourcecode.swift; path = BaseNavigationController.swift; sourceTree = "<group>"; };
		045E6ADD2609865F009CA1B9 /* UIImage.swift */ = {isa = PBXFileReference; lastKnownFileType = sourcecode.swift; path = UIImage.swift; sourceTree = "<group>"; };
		045E6AE12609BE21009CA1B9 /* BaseViewController.swift */ = {isa = PBXFileReference; fileEncoding = 4; lastKnownFileType = sourcecode.swift; path = BaseViewController.swift; sourceTree = "<group>"; };
		045E6AE32609BFC3009CA1B9 /* DetailsViewController.xib */ = {isa = PBXFileReference; lastKnownFileType = file.xib; path = DetailsViewController.xib; sourceTree = "<group>"; };
		045E6AE62609D481009CA1B9 /* DefineTableViewCell.swift */ = {isa = PBXFileReference; lastKnownFileType = sourcecode.swift; path = DefineTableViewCell.swift; sourceTree = "<group>"; };
		045E6AE72609D481009CA1B9 /* DefineTableViewCell.xib */ = {isa = PBXFileReference; lastKnownFileType = file.xib; path = DefineTableViewCell.xib; sourceTree = "<group>"; };
		04678E52261AECAC0071BAB0 /* Utilities.swift */ = {isa = PBXFileReference; fileEncoding = 4; lastKnownFileType = sourcecode.swift; path = Utilities.swift; sourceTree = "<group>"; };
		04678E55261AED4E0071BAB0 /* UtilitiesCell.xib */ = {isa = PBXFileReference; fileEncoding = 4; lastKnownFileType = file.xib; path = UtilitiesCell.xib; sourceTree = "<group>"; };
		04678E56261AED4E0071BAB0 /* UtilitiesCell.swift */ = {isa = PBXFileReference; fileEncoding = 4; lastKnownFileType = sourcecode.swift; path = UtilitiesCell.swift; sourceTree = "<group>"; };
		04678E5A261AED800071BAB0 /* QuizViewController.swift */ = {isa = PBXFileReference; lastKnownFileType = sourcecode.swift; path = QuizViewController.swift; sourceTree = "<group>"; };
		04678E5B261AED800071BAB0 /* QuizViewController.xib */ = {isa = PBXFileReference; lastKnownFileType = file.xib; path = QuizViewController.xib; sourceTree = "<group>"; };
		04678E60261AEDE00071BAB0 /* SpeechViewController.swift */ = {isa = PBXFileReference; fileEncoding = 4; lastKnownFileType = sourcecode.swift; path = SpeechViewController.swift; sourceTree = "<group>"; };
		04678E61261AEDE00071BAB0 /* SpeechViewController.xib */ = {isa = PBXFileReference; fileEncoding = 4; lastKnownFileType = file.xib; path = SpeechViewController.xib; sourceTree = "<group>"; };
		04678E64261AEDEA0071BAB0 /* RemindViewController.swift */ = {isa = PBXFileReference; fileEncoding = 4; lastKnownFileType = sourcecode.swift; path = RemindViewController.swift; sourceTree = "<group>"; };
		04678E65261AEDEA0071BAB0 /* RemindViewController.xib */ = {isa = PBXFileReference; fileEncoding = 4; lastKnownFileType = file.xib; path = RemindViewController.xib; sourceTree = "<group>"; };
		047E9F06261C075A00FD1205 /* SpeechServices.swift */ = {isa = PBXFileReference; fileEncoding = 4; lastKnownFileType = sourcecode.swift; path = SpeechServices.swift; sourceTree = "<group>"; };
		047E9F08261C35AC00FD1205 /* NotificationServices.swift */ = {isa = PBXFileReference; lastKnownFileType = sourcecode.swift; path = NotificationServices.swift; sourceTree = "<group>"; };
		0487034F26244072005E4C43 /* RandomWord.swift */ = {isa = PBXFileReference; lastKnownFileType = sourcecode.swift; path = RandomWord.swift; sourceTree = "<group>"; };
		048B17E2261DFF6A00163D6B /* QuizTableCell.swift */ = {isa = PBXFileReference; lastKnownFileType = sourcecode.swift; path = QuizTableCell.swift; sourceTree = "<group>"; };
		048B17E3261DFF6A00163D6B /* QuizTableCell.xib */ = {isa = PBXFileReference; lastKnownFileType = file.xib; path = QuizTableCell.xib; sourceTree = "<group>"; };
		048B17E7261E04A800163D6B /* PlayViewController.swift */ = {isa = PBXFileReference; lastKnownFileType = sourcecode.swift; path = PlayViewController.swift; sourceTree = "<group>"; };
		048B17E8261E04A800163D6B /* PlayViewController.xib */ = {isa = PBXFileReference; lastKnownFileType = file.xib; path = PlayViewController.xib; sourceTree = "<group>"; };
		048B17EB261E0DB700163D6B /* RounedButton.swift */ = {isa = PBXFileReference; lastKnownFileType = sourcecode.swift; path = RounedButton.swift; sourceTree = "<group>"; };
		04C735C82616B23400658C7A /* CoreDataService.swift */ = {isa = PBXFileReference; lastKnownFileType = sourcecode.swift; path = CoreDataService.swift; sourceTree = "<group>"; };
		04C735CA2616B7CC00658C7A /* ViewController+Alert.swift */ = {isa = PBXFileReference; lastKnownFileType = sourcecode.swift; path = "ViewController+Alert.swift"; sourceTree = "<group>"; };
		04C735CC2616CEF300658C7A /* CoreDataManager+ListItemManager.swift */ = {isa = PBXFileReference; lastKnownFileType = sourcecode.swift; path = "CoreDataManager+ListItemManager.swift"; sourceTree = "<group>"; };
		04C735CF2616D07B00658C7A /* ListItemViewController.swift */ = {isa = PBXFileReference; lastKnownFileType = sourcecode.swift; path = ListItemViewController.swift; sourceTree = "<group>"; };
		04C735D02616D07B00658C7A /* ListItemViewController.xib */ = {isa = PBXFileReference; lastKnownFileType = file.xib; path = ListItemViewController.xib; sourceTree = "<group>"; };
		04C735D42616D1B300658C7A /* ListItemCell.swift */ = {isa = PBXFileReference; lastKnownFileType = sourcecode.swift; path = ListItemCell.swift; sourceTree = "<group>"; };
		04C735D52616D1B300658C7A /* ListItemCell.xib */ = {isa = PBXFileReference; lastKnownFileType = file.xib; path = ListItemCell.xib; sourceTree = "<group>"; };
		04D5DB3E2604413200D1FC33 /* SynonysmResponse.swift */ = {isa = PBXFileReference; fileEncoding = 4; lastKnownFileType = sourcecode.swift; path = SynonysmResponse.swift; sourceTree = "<group>"; };
		04D5DB3F2604413200D1FC33 /* RhymeResponse.swift */ = {isa = PBXFileReference; fileEncoding = 4; lastKnownFileType = sourcecode.swift; path = RhymeResponse.swift; sourceTree = "<group>"; };
		04D5DB402604413200D1FC33 /* PronounceResponse.swift */ = {isa = PBXFileReference; fileEncoding = 4; lastKnownFileType = sourcecode.swift; path = PronounceResponse.swift; sourceTree = "<group>"; };
		04D5DB412604413200D1FC33 /* ExampleResponse.swift */ = {isa = PBXFileReference; fileEncoding = 4; lastKnownFileType = sourcecode.swift; path = ExampleResponse.swift; sourceTree = "<group>"; };
		04D5DB422604413200D1FC33 /* DefinitionsResponse.swift */ = {isa = PBXFileReference; fileEncoding = 4; lastKnownFileType = sourcecode.swift; path = DefinitionsResponse.swift; sourceTree = "<group>"; };
		04D5DB432604413200D1FC33 /* AntonymsResponse.swift */ = {isa = PBXFileReference; fileEncoding = 4; lastKnownFileType = sourcecode.swift; path = AntonymsResponse.swift; sourceTree = "<group>"; };
		04D5DB452604413200D1FC33 /* APIKey.swift */ = {isa = PBXFileReference; fileEncoding = 4; lastKnownFileType = sourcecode.swift; path = APIKey.swift; sourceTree = "<group>"; };
		04D5DB462604413200D1FC33 /* APISevice.swift */ = {isa = PBXFileReference; fileEncoding = 4; lastKnownFileType = sourcecode.swift; path = APISevice.swift; sourceTree = "<group>"; };
		04D5DB512604414000D1FC33 /* URLs.swift */ = {isa = PBXFileReference; fileEncoding = 4; lastKnownFileType = sourcecode.swift; path = URLs.swift; sourceTree = "<group>"; };
		04DC6EBD26044F760039CB9B /* DetailsViewController.swift */ = {isa = PBXFileReference; lastKnownFileType = sourcecode.swift; path = DetailsViewController.swift; sourceTree = "<group>"; };
		04DC6EC2260453020039CB9B /* DefinitionViewController.swift */ = {isa = PBXFileReference; lastKnownFileType = sourcecode.swift; path = DefinitionViewController.swift; sourceTree = "<group>"; };
		04DC6EC3260453020039CB9B /* DefinitionViewController.xib */ = {isa = PBXFileReference; lastKnownFileType = file.xib; path = DefinitionViewController.xib; sourceTree = "<group>"; };
		04DC6EC92604536C0039CB9B /* InfomartionViewController.swift */ = {isa = PBXFileReference; lastKnownFileType = sourcecode.swift; path = InfomartionViewController.swift; sourceTree = "<group>"; };
		04DC6ECA2604536C0039CB9B /* InformationViewController.xib */ = {isa = PBXFileReference; lastKnownFileType = file.xib; path = InformationViewController.xib; sourceTree = "<group>"; };
		04DC6ED7260458A90039CB9B /* UIView.swift */ = {isa = PBXFileReference; lastKnownFileType = sourcecode.swift; path = UIView.swift; sourceTree = "<group>"; };
		04EB6F41260C3A650040B94A /* DataType.swift */ = {isa = PBXFileReference; lastKnownFileType = sourcecode.swift; path = DataType.swift; sourceTree = "<group>"; };
		04F56F762601D8A400780915 /* Color.xcassets */ = {isa = PBXFileReference; lastKnownFileType = folder.assetcatalog; path = Color.xcassets; sourceTree = "<group>"; };
		04F6F87D2602D94F00210E0C /* UIColor.swift */ = {isa = PBXFileReference; lastKnownFileType = sourcecode.swift; path = UIColor.swift; sourceTree = "<group>"; };
		04F6F8CE260440DE00210E0C /* TabbarItem.swift */ = {isa = PBXFileReference; fileEncoding = 4; lastKnownFileType = sourcecode.swift; path = TabbarItem.swift; sourceTree = "<group>"; };
		04F6F8CF260440DE00210E0C /* APIManger.swift */ = {isa = PBXFileReference; fileEncoding = 4; lastKnownFileType = sourcecode.swift; path = APIManger.swift; sourceTree = "<group>"; };
		04F6F8D0260440DE00210E0C /* HTTPMethod.swift */ = {isa = PBXFileReference; fileEncoding = 4; lastKnownFileType = sourcecode.swift; path = HTTPMethod.swift; sourceTree = "<group>"; };
		04F6F8D1260440DE00210E0C /* APIResult.swift */ = {isa = PBXFileReference; fileEncoding = 4; lastKnownFileType = sourcecode.swift; path = APIResult.swift; sourceTree = "<group>"; };
/* End PBXFileReference section */

/* Begin PBXFrameworksBuildPhase section */
		043B61BF2600871B00EA2189 /* Frameworks */ = {
			isa = PBXFrameworksBuildPhase;
			buildActionMask = 2147483647;
			files = (
				042D3BB52612F5D40096BC6E /* Reusable in Frameworks */,
				0410C68D2615A37D00A2FD7A /* Then in Frameworks */,
			);
			runOnlyForDeploymentPostprocessing = 0;
		};
/* End PBXFrameworksBuildPhase section */

/* Begin PBXGroup section */
		0410C6662614A1EE00A2FD7A /* CustomAlerts */ = {
			isa = PBXGroup;
			children = (
				0410C6822615640000A2FD7A /* IconCell */,
				0410C6772614B9AD00A2FD7A /* AlertView.swift */,
				0410C6782614B9AD00A2FD7A /* AlertView.xib */,
			);
			path = CustomAlerts;
			sourceTree = "<group>";
		};
		0410C6822615640000A2FD7A /* IconCell */ = {
			isa = PBXGroup;
			children = (
				0410C6832615641800A2FD7A /* IconCell.swift */,
				0410C6842615641800A2FD7A /* IconCell.xib */,
			);
			path = IconCell;
			sourceTree = "<group>";
		};
		0410C6C72616070800A2FD7A /* CoreData */ = {
			isa = PBXGroup;
			children = (
				0410C6D52616080500A2FD7A /* Manager */,
				0410C6CC261607AD00A2FD7A /* ListItem */,
				0410C6CB261607A700A2FD7A /* List */,
				0410C6C82616071F00A2FD7A /* List.xcdatamodeld */,
			);
			path = CoreData;
			sourceTree = "<group>";
		};
		0410C6CB261607A700A2FD7A /* List */ = {
			isa = PBXGroup;
			children = (
				0410C6CD261607BE00A2FD7A /* List+CoreDataClass.swift */,
			);
			path = List;
			sourceTree = "<group>";
		};
		0410C6CC261607AD00A2FD7A /* ListItem */ = {
			isa = PBXGroup;
			children = (
				0410C6CF261607BE00A2FD7A /* ListItem+CoreDataClass.swift */,
			);
			path = ListItem;
			sourceTree = "<group>";
		};
		0410C6D52616080500A2FD7A /* Manager */ = {
			isa = PBXGroup;
			children = (
				0410C6D62616081900A2FD7A /* CoreDataManager.swift */,
				0410C6D82616087C00A2FD7A /* CoreDataManager.ListManager.swift */,
				04C735CC2616CEF300658C7A /* CoreDataManager+ListItemManager.swift */,
			);
			path = Manager;
			sourceTree = "<group>";
		};
		042D3B93260F7C220096BC6E /* SearchHistoryCell */ = {
			isa = PBXGroup;
			children = (
				042D3BA82611D43A0096BC6E /* SearchHistoryCell.swift */,
				042D3BA72611D43A0096BC6E /* SearchHistoryCell.xib */,
			);
			path = SearchHistoryCell;
			sourceTree = "<group>";
		};
		042D3B98260F7C560096BC6E /* SearchSuggestionCell */ = {
			isa = PBXGroup;
			children = (
				042D3BAC2611D50C0096BC6E /* SuggestCell.swift */,
				042D3BAB2611D50C0096BC6E /* SuggestCell.xib */,
			);
			path = SearchSuggestionCell;
			sourceTree = "<group>";
		};
		042D3BB8261308E90096BC6E /* ListCell */ = {
			isa = PBXGroup;
			children = (
				042D3BB92613092F0096BC6E /* ListCell.swift */,
				042D3BBA2613092F0096BC6E /* ListCell.xib */,
			);
			path = ListCell;
			sourceTree = "<group>";
		};
		043B61B92600871B00EA2189 = {
			isa = PBXGroup;
			children = (
				043B61C42600871B00EA2189 /* T-Dict */,
				043B61C32600871B00EA2189 /* Products */,
			);
			sourceTree = "<group>";
		};
		043B61C32600871B00EA2189 /* Products */ = {
			isa = PBXGroup;
			children = (
				043B61C22600871B00EA2189 /* T-Dict.app */,
			);
			name = Products;
			sourceTree = "<group>";
		};
		043B61C42600871B00EA2189 /* T-Dict */ = {
			isa = PBXGroup;
			children = (
				04D5DB502604414000D1FC33 /* Utilis */,
				04D5DB3B2604413200D1FC33 /* Networking */,
				04F6F8CD260440DE00210E0C /* Enum */,
				043B61DF2600880E00EA2189 /* View */,
				043B61DE260087E500EA2189 /* Model */,
				043B61DD260087D700EA2189 /* Extension */,
				043B61DC260087BF00EA2189 /* Controller */,
				043B61D92600876400EA2189 /* AppDelegate */,
				043B61DA2600879C00EA2189 /* Resources */,
				043B61D32600871C00EA2189 /* Info.plist */,
			);
			path = "T-Dict";
			sourceTree = "<group>";
		};
		043B61D92600876400EA2189 /* AppDelegate */ = {
			isa = PBXGroup;
			children = (
				043B61C52600871B00EA2189 /* AppDelegate.swift */,
				043B61C72600871B00EA2189 /* SceneDelegate.swift */,
				042D3BB62612FDA80096BC6E /* AppSetting.swift */,
				04C735C82616B23400658C7A /* CoreDataService.swift */,
			);
			path = AppDelegate;
			sourceTree = "<group>";
		};
		043B61DA2600879C00EA2189 /* Resources */ = {
			isa = PBXGroup;
			children = (
				043B61F226009BDF00EA2189 /* Font */,
				043B61CE2600871C00EA2189 /* Assets.xcassets */,
				04F56F762601D8A400780915 /* Color.xcassets */,
			);
			path = Resources;
			sourceTree = "<group>";
		};
		043B61DC260087BF00EA2189 /* Controller */ = {
			isa = PBXGroup;
			children = (
				04678E5F261AEDB10071BAB0 /* SpeechVC */,
				04678E5E261AEDA00071BAB0 /* RemindVC */,
				04678E59261AED6E0071BAB0 /* QuizVC */,
				04DC6EBC26044E600039CB9B /* DetailsVC */,
				043B61F72600EBBD00EA2189 /* Base */,
				043B61E22600886800EA2189 /* UtilitiesVC */,
				043B61E12600886000EA2189 /* ListVC */,
				043B61E02600885300EA2189 /* SearchVC */,
			);
			path = Controller;
			sourceTree = "<group>";
		};
		043B61DD260087D700EA2189 /* Extension */ = {
			isa = PBXGroup;
			children = (
				043B61F52600C3D000EA2189 /* UIFont.swift */,
				04F6F87D2602D94F00210E0C /* UIColor.swift */,
				04DC6ED7260458A90039CB9B /* UIView.swift */,
				045E6ADD2609865F009CA1B9 /* UIImage.swift */,
				042D3BA02611CC9A0096BC6E /* String+.swift */,
				04C735CA2616B7CC00658C7A /* ViewController+Alert.swift */,
				0437965B26235F99001FCB35 /* Array+.swift */,
			);
			path = Extension;
			sourceTree = "<group>";
		};
		043B61DE260087E500EA2189 /* Model */ = {
			isa = PBXGroup;
			children = (
				0410C6C72616070800A2FD7A /* CoreData */,
			);
			path = Model;
			sourceTree = "<group>";
		};
		043B61DF2600880E00EA2189 /* View */ = {
			isa = PBXGroup;
			children = (
				043B61D02600871C00EA2189 /* LaunchScreen.storyboard */,
			);
			path = View;
			sourceTree = "<group>";
		};
		043B61E02600885300EA2189 /* SearchVC */ = {
			isa = PBXGroup;
			children = (
				042D3B98260F7C560096BC6E /* SearchSuggestionCell */,
				042D3B93260F7C220096BC6E /* SearchHistoryCell */,
				043B61E32600888600EA2189 /* SearchViewController.swift */,
				043B61E42600888600EA2189 /* SearchViewController.xib */,
			);
			path = SearchVC;
			sourceTree = "<group>";
		};
		043B61E12600886000EA2189 /* ListVC */ = {
			isa = PBXGroup;
			children = (
				04C735CE2616D05000658C7A /* ListItemVC */,
				0410C6662614A1EE00A2FD7A /* CustomAlerts */,
				042D3BB8261308E90096BC6E /* ListCell */,
				043B61E72600889500EA2189 /* ListViewController.swift */,
				043B61E82600889500EA2189 /* ListViewController.xib */,
			);
			path = ListVC;
			sourceTree = "<group>";
		};
		043B61E22600886800EA2189 /* UtilitiesVC */ = {
			isa = PBXGroup;
			children = (
				04678E54261AED2A0071BAB0 /* UtilitiesCell */,
				043B61EB260088AA00EA2189 /* UtilitiesViewController.swift */,
				043B61EC260088AA00EA2189 /* UtilitiesViewController.xib */,
			);
			path = UtilitiesVC;
			sourceTree = "<group>";
		};
		043B61F226009BDF00EA2189 /* Font */ = {
			isa = PBXGroup;
			children = (
				043B61F326009BF900EA2189 /* BreeSerif-Regular.ttf */,
			);
			path = Font;
			sourceTree = "<group>";
		};
		043B61F72600EBBD00EA2189 /* Base */ = {
			isa = PBXGroup;
			children = (
				045E6AE12609BE21009CA1B9 /* BaseViewController.swift */,
				043B61F82600EC2300EA2189 /* BaseNavigationController.swift */,
			);
			path = Base;
			sourceTree = "<group>";
		};
		045E6AE52609D468009CA1B9 /* DefineCell */ = {
			isa = PBXGroup;
			children = (
				045E6AE62609D481009CA1B9 /* DefineTableViewCell.swift */,
				045E6AE72609D481009CA1B9 /* DefineTableViewCell.xib */,
			);
			path = DefineCell;
			sourceTree = "<group>";
		};
		04678E54261AED2A0071BAB0 /* UtilitiesCell */ = {
			isa = PBXGroup;
			children = (
				04678E56261AED4E0071BAB0 /* UtilitiesCell.swift */,
				04678E55261AED4E0071BAB0 /* UtilitiesCell.xib */,
			);
			path = UtilitiesCell;
			sourceTree = "<group>";
		};
		04678E59261AED6E0071BAB0 /* QuizVC */ = {
			isa = PBXGroup;
			children = (
				048B17E6261E048E00163D6B /* PlayVC */,
				048B17DD261DFE7E00163D6B /* QuizCell */,
				04678E5A261AED800071BAB0 /* QuizViewController.swift */,
				04678E5B261AED800071BAB0 /* QuizViewController.xib */,
			);
			path = QuizVC;
			sourceTree = "<group>";
		};
		04678E5E261AEDA00071BAB0 /* RemindVC */ = {
			isa = PBXGroup;
			children = (
				04678E64261AEDEA0071BAB0 /* RemindViewController.swift */,
				04678E65261AEDEA0071BAB0 /* RemindViewController.xib */,
			);
			path = RemindVC;
			sourceTree = "<group>";
		};
		04678E5F261AEDB10071BAB0 /* SpeechVC */ = {
			isa = PBXGroup;
			children = (
				04678E60261AEDE00071BAB0 /* SpeechViewController.swift */,
				04678E61261AEDE00071BAB0 /* SpeechViewController.xib */,
			);
			path = SpeechVC;
			sourceTree = "<group>";
		};
		048B17DD261DFE7E00163D6B /* QuizCell */ = {
			isa = PBXGroup;
			children = (
				048B17E2261DFF6A00163D6B /* QuizTableCell.swift */,
				048B17E3261DFF6A00163D6B /* QuizTableCell.xib */,
			);
			path = QuizCell;
			sourceTree = "<group>";
		};
		048B17E6261E048E00163D6B /* PlayVC */ = {
			isa = PBXGroup;
			children = (
				048B17E7261E04A800163D6B /* PlayViewController.swift */,
				048B17E8261E04A800163D6B /* PlayViewController.xib */,
				04036B68261E8FB900270E27 /* QuestionViewController.swift */,
				04036B69261E8FB900270E27 /* QuestionViewController.xib */,
			);
			path = PlayVC;
			sourceTree = "<group>";
		};
		04C735CE2616D05000658C7A /* ListItemVC */ = {
			isa = PBXGroup;
			children = (
				04C735D32616D18F00658C7A /* ListItemCell */,
				04C735CF2616D07B00658C7A /* ListItemViewController.swift */,
				04C735D02616D07B00658C7A /* ListItemViewController.xib */,
			);
			path = ListItemVC;
			sourceTree = "<group>";
		};
		04C735D32616D18F00658C7A /* ListItemCell */ = {
			isa = PBXGroup;
			children = (
				04C735D42616D1B300658C7A /* ListItemCell.swift */,
				04C735D52616D1B300658C7A /* ListItemCell.xib */,
			);
			path = ListItemCell;
			sourceTree = "<group>";
		};
		04D5DB3B2604413200D1FC33 /* Networking */ = {
			isa = PBXGroup;
			children = (
				04D5DB3C2604413200D1FC33 /* WordAPI */,
				04D5DB472604413200D1FC33 /* QuizAPI */,
			);
			path = Networking;
			sourceTree = "<group>";
		};
		04D5DB3C2604413200D1FC33 /* WordAPI */ = {
			isa = PBXGroup;
			children = (
				04D5DB3D2604413200D1FC33 /* Response */,
				04D5DB442604413200D1FC33 /* Request */,
			);
			path = WordAPI;
			sourceTree = "<group>";
		};
		04D5DB3D2604413200D1FC33 /* Response */ = {
			isa = PBXGroup;
			children = (
				04D5DB3E2604413200D1FC33 /* SynonysmResponse.swift */,
				04D5DB3F2604413200D1FC33 /* RhymeResponse.swift */,
				04D5DB402604413200D1FC33 /* PronounceResponse.swift */,
				04D5DB412604413200D1FC33 /* ExampleResponse.swift */,
				04D5DB422604413200D1FC33 /* DefinitionsResponse.swift */,
				04D5DB432604413200D1FC33 /* AntonymsResponse.swift */,
				042D3B9E2610DADB0096BC6E /* SuggestRespone.swift */,
				0487034F26244072005E4C43 /* RandomWord.swift */,
			);
			path = Response;
			sourceTree = "<group>";
		};
		04D5DB442604413200D1FC33 /* Request */ = {
			isa = PBXGroup;
			children = (
				04D5DB452604413200D1FC33 /* APIKey.swift */,
				04D5DB462604413200D1FC33 /* APISevice.swift */,
			);
			path = Request;
			sourceTree = "<group>";
		};
		04D5DB472604413200D1FC33 /* QuizAPI */ = {
			isa = PBXGroup;
			children = (
				043796572622FFBD001FCB35 /* QuizResponse.swift */,
				043796592622FFDF001FCB35 /* QuizAPI.swift */,
			);
			path = QuizAPI;
			sourceTree = "<group>";
		};
		04D5DB502604414000D1FC33 /* Utilis */ = {
			isa = PBXGroup;
			children = (
				047E9F06261C075A00FD1205 /* SpeechServices.swift */,
				04D5DB512604414000D1FC33 /* URLs.swift */,
				047E9F08261C35AC00FD1205 /* NotificationServices.swift */,
				048B17EB261E0DB700163D6B /* RounedButton.swift */,
			);
			path = Utilis;
			sourceTree = "<group>";
		};
		04DC6EBC26044E600039CB9B /* DetailsVC */ = {
			isa = PBXGroup;
			children = (
				045E6AE52609D468009CA1B9 /* DefineCell */,
				04DC6EC6260453120039CB9B /* InformationVC */,
				04DC6EC1260450000039CB9B /* DefinationVC */,
				04DC6EBD26044F760039CB9B /* DetailsViewController.swift */,
				045E6AE32609BFC3009CA1B9 /* DetailsViewController.xib */,
			);
			path = DetailsVC;
			sourceTree = "<group>";
		};
		04DC6EC1260450000039CB9B /* DefinationVC */ = {
			isa = PBXGroup;
			children = (
				04DC6EC2260453020039CB9B /* DefinitionViewController.swift */,
				04DC6EC3260453020039CB9B /* DefinitionViewController.xib */,
			);
			path = DefinationVC;
			sourceTree = "<group>";
		};
		04DC6EC6260453120039CB9B /* InformationVC */ = {
			isa = PBXGroup;
			children = (
				04DC6EC92604536C0039CB9B /* InfomartionViewController.swift */,
				04DC6ECA2604536C0039CB9B /* InformationViewController.xib */,
			);
			path = InformationVC;
			sourceTree = "<group>";
		};
		04F6F8CD260440DE00210E0C /* Enum */ = {
			isa = PBXGroup;
			children = (
				04678E52261AECAC0071BAB0 /* Utilities.swift */,
				04F6F8CE260440DE00210E0C /* TabbarItem.swift */,
				04F6F8CF260440DE00210E0C /* APIManger.swift */,
				04F6F8D0260440DE00210E0C /* HTTPMethod.swift */,
				04F6F8D1260440DE00210E0C /* APIResult.swift */,
				04EB6F41260C3A650040B94A /* DataType.swift */,
			);
			path = Enum;
			sourceTree = "<group>";
		};
/* End PBXGroup section */

/* Begin PBXNativeTarget section */
		043B61C12600871B00EA2189 /* T-Dict */ = {
			isa = PBXNativeTarget;
			buildConfigurationList = 043B61D62600871C00EA2189 /* Build configuration list for PBXNativeTarget "T-Dict" */;
			buildPhases = (
				043B61BE2600871B00EA2189 /* Sources */,
				043B61BF2600871B00EA2189 /* Frameworks */,
				043B61C02600871B00EA2189 /* Resources */,
			);
			buildRules = (
			);
			dependencies = (
			);
			name = "T-Dict";
			packageProductDependencies = (
				042D3BB42612F5D40096BC6E /* Reusable */,
				0410C68C2615A37D00A2FD7A /* Then */,
			);
			productName = "T-Dict";
			productReference = 043B61C22600871B00EA2189 /* T-Dict.app */;
			productType = "com.apple.product-type.application";
		};
/* End PBXNativeTarget section */

/* Begin PBXProject section */
		043B61BA2600871B00EA2189 /* Project object */ = {
			isa = PBXProject;
			attributes = {
				LastSwiftUpdateCheck = 1160;
				LastUpgradeCheck = 1160;
				ORGANIZATIONNAME = "Tiến";
				TargetAttributes = {
					043B61C12600871B00EA2189 = {
						CreatedOnToolsVersion = 11.6;
					};
				};
			};
			buildConfigurationList = 043B61BD2600871B00EA2189 /* Build configuration list for PBXProject "T-Dict" */;
			compatibilityVersion = "Xcode 9.3";
			developmentRegion = en;
			hasScannedForEncodings = 0;
			knownRegions = (
				en,
				Base,
			);
			mainGroup = 043B61B92600871B00EA2189;
			packageReferences = (
				042D3BB32612F5D40096BC6E /* XCRemoteSwiftPackageReference "Reusable" */,
				0410C68B2615A37D00A2FD7A /* XCRemoteSwiftPackageReference "Then" */,
			);
			productRefGroup = 043B61C32600871B00EA2189 /* Products */;
			projectDirPath = "";
			projectRoot = "";
			targets = (
				043B61C12600871B00EA2189 /* T-Dict */,
			);
		};
/* End PBXProject section */

/* Begin PBXResourcesBuildPhase section */
		043B61C02600871B00EA2189 /* Resources */ = {
			isa = PBXResourcesBuildPhase;
			buildActionMask = 2147483647;
			files = (
				04DC6ECC2604536C0039CB9B /* InformationViewController.xib in Resources */,
				04678E57261AED4E0071BAB0 /* UtilitiesCell.xib in Resources */,
				043B61D22600871C00EA2189 /* LaunchScreen.storyboard in Resources */,
				04C735D72616D1B300658C7A /* ListItemCell.xib in Resources */,
				04DC6EC5260453020039CB9B /* DefinitionViewController.xib in Resources */,
				043B61F426009C0000EA2189 /* BreeSerif-Regular.ttf in Resources */,
				043B61CF2600871C00EA2189 /* Assets.xcassets in Resources */,
				042D3BA92611D43A0096BC6E /* SearchHistoryCell.xib in Resources */,
				04678E63261AEDE00071BAB0 /* SpeechViewController.xib in Resources */,
				04678E67261AEDEA0071BAB0 /* RemindViewController.xib in Resources */,
				043B61EE260088AA00EA2189 /* UtilitiesViewController.xib in Resources */,
				04F56F772601D8A400780915 /* Color.xcassets in Resources */,
				04C735D22616D07B00658C7A /* ListItemViewController.xib in Resources */,
				045E6AE92609D481009CA1B9 /* DefineTableViewCell.xib in Resources */,
				048B17E5261DFF6A00163D6B /* QuizTableCell.xib in Resources */,
				042D3BAD2611D50D0096BC6E /* SuggestCell.xib in Resources */,
				045E6AE42609BFC3009CA1B9 /* DetailsViewController.xib in Resources */,
				043B61EA2600889500EA2189 /* ListViewController.xib in Resources */,
				04678E5D261AED800071BAB0 /* QuizViewController.xib in Resources */,
				043B61E62600888600EA2189 /* SearchViewController.xib in Resources */,
				048B17EA261E04A800163D6B /* PlayViewController.xib in Resources */,
				042D3BBC2613092F0096BC6E /* ListCell.xib in Resources */,
				0410C6862615641800A2FD7A /* IconCell.xib in Resources */,
				0410C67A2614B9AD00A2FD7A /* AlertView.xib in Resources */,
				04036B6B261E8FB900270E27 /* QuestionViewController.xib in Resources */,
			);
			runOnlyForDeploymentPostprocessing = 0;
		};
/* End PBXResourcesBuildPhase section */

/* Begin PBXSourcesBuildPhase section */
		043B61BE2600871B00EA2189 /* Sources */ = {
			isa = PBXSourcesBuildPhase;
			buildActionMask = 2147483647;
			files = (
				043B61ED260088AA00EA2189 /* UtilitiesViewController.swift in Sources */,
				04678E5C261AED800071BAB0 /* QuizViewController.swift in Sources */,
				043B61F92600EC2300EA2189 /* BaseNavigationController.swift in Sources */,
				043B61E52600888600EA2189 /* SearchViewController.swift in Sources */,
				047E9F07261C075A00FD1205 /* SpeechServices.swift in Sources */,
				04C735C92616B23400658C7A /* CoreDataService.swift in Sources */,
				042D3BBB2613092F0096BC6E /* ListCell.swift in Sources */,
				04DC6EBF26044F760039CB9B /* DetailsViewController.swift in Sources */,
				04678E53261AECAC0071BAB0 /* Utilities.swift in Sources */,
				04DC6EC4260453020039CB9B /* DefinitionViewController.swift in Sources */,
				04EB6F42260C3A650040B94A /* DataType.swift in Sources */,
				045E6AE22609BE21009CA1B9 /* BaseViewController.swift in Sources */,
				04D5DB522604414000D1FC33 /* URLs.swift in Sources */,
				04DC6ED8260458A90039CB9B /* UIView.swift in Sources */,
				0410C6D3261607BE00A2FD7A /* ListItem+CoreDataClass.swift in Sources */,
				04F6F8D5260440DE00210E0C /* APIResult.swift in Sources */,
				042D3BB72612FDA80096BC6E /* AppSetting.swift in Sources */,
				04F6F8D3260440DE00210E0C /* APIManger.swift in Sources */,
				042D3BA12611CC9A0096BC6E /* String+.swift in Sources */,
				04D5DB482604413200D1FC33 /* SynonysmResponse.swift in Sources */,
				042D3B9F2610DADB0096BC6E /* SuggestRespone.swift in Sources */,
				04D5DB4B2604413200D1FC33 /* ExampleResponse.swift in Sources */,
				048B17EC261E0DB700163D6B /* RounedButton.swift in Sources */,
				045E6ADE2609865F009CA1B9 /* UIImage.swift in Sources */,
				04F6F87E2602D94F00210E0C /* UIColor.swift in Sources */,
				043B61F62600C3D000EA2189 /* UIFont.swift in Sources */,
				0487035026244072005E4C43 /* RandomWord.swift in Sources */,
				04F6F8D2260440DE00210E0C /* TabbarItem.swift in Sources */,
				048B17E9261E04A800163D6B /* PlayViewController.swift in Sources */,
				042D3BAA2611D43A0096BC6E /* SearchHistoryCell.swift in Sources */,
				0410C6D72616081900A2FD7A /* CoreDataManager.swift in Sources */,
				04C735D62616D1B300658C7A /* ListItemCell.swift in Sources */,
				04D5DB4A2604413200D1FC33 /* PronounceResponse.swift in Sources */,
				04D5DB492604413200D1FC33 /* RhymeResponse.swift in Sources */,
				04D5DB4F2604413200D1FC33 /* APISevice.swift in Sources */,
				0410C6CA2616071F00A2FD7A /* List.xcdatamodeld in Sources */,
				04F6F8D4260440DE00210E0C /* HTTPMethod.swift in Sources */,
				04D5DB4E2604413200D1FC33 /* APIKey.swift in Sources */,
				0410C6D1261607BE00A2FD7A /* List+CoreDataClass.swift in Sources */,
				04036B6A261E8FB900270E27 /* QuestionViewController.swift in Sources */,
				04678E66261AEDEA0071BAB0 /* RemindViewController.swift in Sources */,
				042D3BAE2611D50D0096BC6E /* SuggestCell.swift in Sources */,
				043B61C62600871B00EA2189 /* AppDelegate.swift in Sources */,
				04678E58261AED4E0071BAB0 /* UtilitiesCell.swift in Sources */,
				0437965A2622FFDF001FCB35 /* QuizAPI.swift in Sources */,
				043B61E92600889500EA2189 /* ListViewController.swift in Sources */,
				04D5DB4D2604413200D1FC33 /* AntonymsResponse.swift in Sources */,
				047E9F09261C35AC00FD1205 /* NotificationServices.swift in Sources */,
				043796582622FFBD001FCB35 /* QuizResponse.swift in Sources */,
				0410C6792614B9AD00A2FD7A /* AlertView.swift in Sources */,
				043B61C82600871B00EA2189 /* SceneDelegate.swift in Sources */,
				0410C6D92616087C00A2FD7A /* CoreDataManager.ListManager.swift in Sources */,
				04C735CB2616B7CC00658C7A /* ViewController+Alert.swift in Sources */,
				0410C6852615641800A2FD7A /* IconCell.swift in Sources */,
				0437965C26235F99001FCB35 /* Array+.swift in Sources */,
				04DC6ECB2604536C0039CB9B /* InfomartionViewController.swift in Sources */,
				04C735CD2616CEF300658C7A /* CoreDataManager+ListItemManager.swift in Sources */,
				04C735D12616D07B00658C7A /* ListItemViewController.swift in Sources */,
				045E6AE82609D481009CA1B9 /* DefineTableViewCell.swift in Sources */,
				04678E62261AEDE00071BAB0 /* SpeechViewController.swift in Sources */,
				04D5DB4C2604413200D1FC33 /* DefinitionsResponse.swift in Sources */,
				048B17E4261DFF6A00163D6B /* QuizTableCell.swift in Sources */,
			);
			runOnlyForDeploymentPostprocessing = 0;
		};
/* End PBXSourcesBuildPhase section */

/* Begin PBXVariantGroup section */
		043B61D02600871C00EA2189 /* LaunchScreen.storyboard */ = {
			isa = PBXVariantGroup;
			children = (
				043B61D12600871C00EA2189 /* Base */,
			);
			name = LaunchScreen.storyboard;
			sourceTree = "<group>";
		};
/* End PBXVariantGroup section */

/* Begin XCBuildConfiguration section */
		043B61D42600871C00EA2189 /* Debug */ = {
			isa = XCBuildConfiguration;
			buildSettings = {
				ALWAYS_SEARCH_USER_PATHS = NO;
				CLANG_ANALYZER_NONNULL = YES;
				CLANG_ANALYZER_NUMBER_OBJECT_CONVERSION = YES_AGGRESSIVE;
				CLANG_CXX_LANGUAGE_STANDARD = "gnu++14";
				CLANG_CXX_LIBRARY = "libc++";
				CLANG_ENABLE_MODULES = YES;
				CLANG_ENABLE_OBJC_ARC = YES;
				CLANG_ENABLE_OBJC_WEAK = YES;
				CLANG_WARN_BLOCK_CAPTURE_AUTORELEASING = YES;
				CLANG_WARN_BOOL_CONVERSION = YES;
				CLANG_WARN_COMMA = YES;
				CLANG_WARN_CONSTANT_CONVERSION = YES;
				CLANG_WARN_DEPRECATED_OBJC_IMPLEMENTATIONS = YES;
				CLANG_WARN_DIRECT_OBJC_ISA_USAGE = YES_ERROR;
				CLANG_WARN_DOCUMENTATION_COMMENTS = YES;
				CLANG_WARN_EMPTY_BODY = YES;
				CLANG_WARN_ENUM_CONVERSION = YES;
				CLANG_WARN_INFINITE_RECURSION = YES;
				CLANG_WARN_INT_CONVERSION = YES;
				CLANG_WARN_NON_LITERAL_NULL_CONVERSION = YES;
				CLANG_WARN_OBJC_IMPLICIT_RETAIN_SELF = YES;
				CLANG_WARN_OBJC_LITERAL_CONVERSION = YES;
				CLANG_WARN_OBJC_ROOT_CLASS = YES_ERROR;
				CLANG_WARN_RANGE_LOOP_ANALYSIS = YES;
				CLANG_WARN_STRICT_PROTOTYPES = YES;
				CLANG_WARN_SUSPICIOUS_MOVE = YES;
				CLANG_WARN_UNGUARDED_AVAILABILITY = YES_AGGRESSIVE;
				CLANG_WARN_UNREACHABLE_CODE = YES;
				CLANG_WARN__DUPLICATE_METHOD_MATCH = YES;
				COPY_PHASE_STRIP = NO;
				DEBUG_INFORMATION_FORMAT = dwarf;
				ENABLE_STRICT_OBJC_MSGSEND = YES;
				ENABLE_TESTABILITY = YES;
				GCC_C_LANGUAGE_STANDARD = gnu11;
				GCC_DYNAMIC_NO_PIC = NO;
				GCC_NO_COMMON_BLOCKS = YES;
				GCC_OPTIMIZATION_LEVEL = 0;
				GCC_PREPROCESSOR_DEFINITIONS = (
					"DEBUG=1",
					"$(inherited)",
				);
				GCC_WARN_64_TO_32_BIT_CONVERSION = YES;
				GCC_WARN_ABOUT_RETURN_TYPE = YES_ERROR;
				GCC_WARN_UNDECLARED_SELECTOR = YES;
				GCC_WARN_UNINITIALIZED_AUTOS = YES_AGGRESSIVE;
				GCC_WARN_UNUSED_FUNCTION = YES;
				GCC_WARN_UNUSED_VARIABLE = YES;
				IPHONEOS_DEPLOYMENT_TARGET = 13.6;
				MTL_ENABLE_DEBUG_INFO = INCLUDE_SOURCE;
				MTL_FAST_MATH = YES;
				ONLY_ACTIVE_ARCH = YES;
				SDKROOT = iphoneos;
				SWIFT_ACTIVE_COMPILATION_CONDITIONS = DEBUG;
				SWIFT_OPTIMIZATION_LEVEL = "-Onone";
			};
			name = Debug;
		};
		043B61D52600871C00EA2189 /* Release */ = {
			isa = XCBuildConfiguration;
			buildSettings = {
				ALWAYS_SEARCH_USER_PATHS = NO;
				CLANG_ANALYZER_NONNULL = YES;
				CLANG_ANALYZER_NUMBER_OBJECT_CONVERSION = YES_AGGRESSIVE;
				CLANG_CXX_LANGUAGE_STANDARD = "gnu++14";
				CLANG_CXX_LIBRARY = "libc++";
				CLANG_ENABLE_MODULES = YES;
				CLANG_ENABLE_OBJC_ARC = YES;
				CLANG_ENABLE_OBJC_WEAK = YES;
				CLANG_WARN_BLOCK_CAPTURE_AUTORELEASING = YES;
				CLANG_WARN_BOOL_CONVERSION = YES;
				CLANG_WARN_COMMA = YES;
				CLANG_WARN_CONSTANT_CONVERSION = YES;
				CLANG_WARN_DEPRECATED_OBJC_IMPLEMENTATIONS = YES;
				CLANG_WARN_DIRECT_OBJC_ISA_USAGE = YES_ERROR;
				CLANG_WARN_DOCUMENTATION_COMMENTS = YES;
				CLANG_WARN_EMPTY_BODY = YES;
				CLANG_WARN_ENUM_CONVERSION = YES;
				CLANG_WARN_INFINITE_RECURSION = YES;
				CLANG_WARN_INT_CONVERSION = YES;
				CLANG_WARN_NON_LITERAL_NULL_CONVERSION = YES;
				CLANG_WARN_OBJC_IMPLICIT_RETAIN_SELF = YES;
				CLANG_WARN_OBJC_LITERAL_CONVERSION = YES;
				CLANG_WARN_OBJC_ROOT_CLASS = YES_ERROR;
				CLANG_WARN_RANGE_LOOP_ANALYSIS = YES;
				CLANG_WARN_STRICT_PROTOTYPES = YES;
				CLANG_WARN_SUSPICIOUS_MOVE = YES;
				CLANG_WARN_UNGUARDED_AVAILABILITY = YES_AGGRESSIVE;
				CLANG_WARN_UNREACHABLE_CODE = YES;
				CLANG_WARN__DUPLICATE_METHOD_MATCH = YES;
				COPY_PHASE_STRIP = NO;
				DEBUG_INFORMATION_FORMAT = "dwarf-with-dsym";
				ENABLE_NS_ASSERTIONS = NO;
				ENABLE_STRICT_OBJC_MSGSEND = YES;
				GCC_C_LANGUAGE_STANDARD = gnu11;
				GCC_NO_COMMON_BLOCKS = YES;
				GCC_WARN_64_TO_32_BIT_CONVERSION = YES;
				GCC_WARN_ABOUT_RETURN_TYPE = YES_ERROR;
				GCC_WARN_UNDECLARED_SELECTOR = YES;
				GCC_WARN_UNINITIALIZED_AUTOS = YES_AGGRESSIVE;
				GCC_WARN_UNUSED_FUNCTION = YES;
				GCC_WARN_UNUSED_VARIABLE = YES;
				IPHONEOS_DEPLOYMENT_TARGET = 13.6;
				MTL_ENABLE_DEBUG_INFO = NO;
				MTL_FAST_MATH = YES;
				SDKROOT = iphoneos;
				SWIFT_COMPILATION_MODE = wholemodule;
				SWIFT_OPTIMIZATION_LEVEL = "-O";
				VALIDATE_PRODUCT = YES;
			};
			name = Release;
		};
		043B61D72600871C00EA2189 /* Debug */ = {
			isa = XCBuildConfiguration;
			buildSettings = {
				ASSETCATALOG_COMPILER_APPICON_NAME = AppIcon;
				CODE_SIGN_STYLE = Automatic;
				DEVELOPMENT_TEAM = 8HJZFUVFSV;
				INFOPLIST_FILE = "T-Dict/Info.plist";
				LD_RUNPATH_SEARCH_PATHS = (
					"$(inherited)",
					"@executable_path/Frameworks",
				);
				PRODUCT_BUNDLE_IDENTIFIER = "Tien.T-Dict";
				PRODUCT_NAME = "$(TARGET_NAME)";
				SWIFT_VERSION = 5.0;
				TARGETED_DEVICE_FAMILY = "1,2";
			};
			name = Debug;
		};
		043B61D82600871C00EA2189 /* Release */ = {
			isa = XCBuildConfiguration;
			buildSettings = {
				ASSETCATALOG_COMPILER_APPICON_NAME = AppIcon;
				CODE_SIGN_STYLE = Automatic;
				DEVELOPMENT_TEAM = 8HJZFUVFSV;
				INFOPLIST_FILE = "T-Dict/Info.plist";
				LD_RUNPATH_SEARCH_PATHS = (
					"$(inherited)",
					"@executable_path/Frameworks",
				);
				PRODUCT_BUNDLE_IDENTIFIER = "Tien.T-Dict";
				PRODUCT_NAME = "$(TARGET_NAME)";
				SWIFT_VERSION = 5.0;
				TARGETED_DEVICE_FAMILY = "1,2";
			};
			name = Release;
		};
/* End XCBuildConfiguration section */

/* Begin XCConfigurationList section */
		043B61BD2600871B00EA2189 /* Build configuration list for PBXProject "T-Dict" */ = {
			isa = XCConfigurationList;
			buildConfigurations = (
				043B61D42600871C00EA2189 /* Debug */,
				043B61D52600871C00EA2189 /* Release */,
			);
			defaultConfigurationIsVisible = 0;
			defaultConfigurationName = Release;
		};
		043B61D62600871C00EA2189 /* Build configuration list for PBXNativeTarget "T-Dict" */ = {
			isa = XCConfigurationList;
			buildConfigurations = (
				043B61D72600871C00EA2189 /* Debug */,
				043B61D82600871C00EA2189 /* Release */,
			);
			defaultConfigurationIsVisible = 0;
			defaultConfigurationName = Release;
		};
/* End XCConfigurationList section */

/* Begin XCRemoteSwiftPackageReference section */
		0410C68B2615A37D00A2FD7A /* XCRemoteSwiftPackageReference "Then" */ = {
			isa = XCRemoteSwiftPackageReference;
			repositoryURL = "https://github.com/devxoul/Then";
			requirement = {
				kind = upToNextMajorVersion;
				minimumVersion = 2.7.0;
			};
		};
		042D3BB32612F5D40096BC6E /* XCRemoteSwiftPackageReference "Reusable" */ = {
			isa = XCRemoteSwiftPackageReference;
			repositoryURL = "https://github.com/AliSoftware/Reusable";
			requirement = {
				kind = upToNextMajorVersion;
				minimumVersion = 4.1.1;
			};
		};
/* End XCRemoteSwiftPackageReference section */

/* Begin XCSwiftPackageProductDependency section */
		0410C68C2615A37D00A2FD7A /* Then */ = {
			isa = XCSwiftPackageProductDependency;
			package = 0410C68B2615A37D00A2FD7A /* XCRemoteSwiftPackageReference "Then" */;
			productName = Then;
		};
		042D3BB42612F5D40096BC6E /* Reusable */ = {
			isa = XCSwiftPackageProductDependency;
			package = 042D3BB32612F5D40096BC6E /* XCRemoteSwiftPackageReference "Reusable" */;
			productName = Reusable;
		};
/* End XCSwiftPackageProductDependency section */

/* Begin XCVersionGroup section */
		0410C6C82616071F00A2FD7A /* List.xcdatamodeld */ = {
			isa = XCVersionGroup;
			children = (
				0410C6C92616071F00A2FD7A /* List.xcdatamodel */,
			);
			currentVersion = 0410C6C92616071F00A2FD7A /* List.xcdatamodel */;
			path = List.xcdatamodeld;
			sourceTree = "<group>";
			versionGroupType = wrapper.xcdatamodel;
		};
/* End XCVersionGroup section */
	};
	rootObject = 043B61BA2600871B00EA2189 /* Project object */;
}
